
Microsoft Visual Studio Solution File, Format Version 12.00
# Visual Studio Version 17
VisualStudioVersion = 17.1.32210.238
MinimumVisualStudioVersion = 10.0.40219.1
Project("{FAE04EC0-301F-11D3-BF4B-00C04F79EFBC}") = "Standout_Train", "Standout_Train\Standout_Train.csproj", "{6BF33332-CEAD-4EB0-9E58-D1255B51EF23}"
EndProject
Global
	GlobalSection(SolutionConfigurationPlatforms) = preSolution
		Debug|Any CPU = Debug|Any CPU
		Release|Any CPU = Release|Any CPU
	EndGlobalSection
	GlobalSection(ProjectConfigurationPlatforms) = postSolution
		{6BF33332-CEAD-4EB0-9E58-D1255B51EF23}.Debug|Any CPU.ActiveCfg = Debug|Any CPU
		{6BF33332-CEAD-4EB0-9E58-D1255B51EF23}.Debug|Any CPU.Build.0 = Debug|Any CPU
		{6BF33332-CEAD-4EB0-9E58-D1255B51EF23}.Release|Any CPU.ActiveCfg = Release|Any CPU
		{6BF33332-CEAD-4EB0-9E58-D1255B51EF23}.Release|Any CPU.Build.0 = Release|Any CPU
	EndGlobalSection
	GlobalSection(SolutionProperties) = preSolution
		HideSolutionNode = FALSE
	EndGlobalSection
	GlobalSection(ExtensibilityGlobals) = postSolution
		SolutionGuid = {DE564BC2-94A8-466A-AD46-3B9DF13F8A80}
	EndGlobalSection
EndGlobal
